# This file is generated by running "yarn install" inside your project.
# Manual changes might be lost - proceed with caution!

__metadata:
  version: 4
  cacheKey: 7

"@danielwii/asuna-helper@workspace:.":
  version: 0.0.0-use.local
  resolution: "@danielwii/asuna-helper@workspace:."
  dependencies:
    "@nestjs/common": ^7.6.15
    "@types/bluebird": ^3.5.33
    "@types/lodash": ^4.14.168
    "@types/node": ^14.14.43
    "@types/ua-parser-js": ^0.7.35
    bluebird: ^3.7.2
    class-transformer: ^0.4.0
    date-fns: ^2.21.1
    ismobilejs: ^1.1.1
    json5: ^2.2.0
    lodash: ^4.17.21
    prettier: ^2.2.1
    typeorm: ^0.2.32
    typescript: ^4.2.4
    ua-parser-js: ^0.7.28
  peerDependencies:
    "@nestjs/common": "*"
    typeorm: "*"
  languageName: unknown
  linkType: soft

"@nestjs/common@npm:^7.6.15":
  version: 7.6.15
  resolution: "@nestjs/common@npm:7.6.15"
  dependencies:
    axios: 0.21.1
    iterare: 1.2.1
    tslib: 2.1.0
    uuid: 8.3.2
  peerDependencies:
    cache-manager: "*"
    class-transformer: "*"
    class-validator: "*"
    reflect-metadata: ^0.1.12
    rxjs: ^6.0.0
  peerDependenciesMeta:
    cache-manager:
      optional: true
    class-transformer:
      optional: true
    class-validator:
      optional: true
  checksum: 2146bcf85392f3bff14554af7a5eb63123b34f93017ce8e4602a66f4e04a5968a4c0afa26b55b2a40e182783dcfaafa0583bbb12768fd5b88f9ad833531e7293
  languageName: node
  linkType: hard

"@sqltools/formatter@npm:^1.2.2":
  version: 1.2.3
  resolution: "@sqltools/formatter@npm:1.2.3"
  checksum: 67762c7fbd943c9ccebf2175d6c8e6e209ec811767a17a140dc36533f1e547f3e6bb341c3b0e2e05ad3659dc9c1c029349301e9084bb8ecd258e96f73bc385c2
  languageName: node
  linkType: hard

"@types/bluebird@npm:^3.5.33":
  version: 3.5.33
  resolution: "@types/bluebird@npm:3.5.33"
  checksum: 45f7adeec6e656501f5b2127d5cc1538d3ae497d06bfa00d8d7f51eb2aa482267b3b4868ac1c75fc84acfad86d2c0d4de8af535cf725156f222d679df9694aff
  languageName: node
  linkType: hard

"@types/lodash@npm:^4.14.168":
  version: 4.14.168
  resolution: "@types/lodash@npm:4.14.168"
  checksum: 9a4e25f89fc035b9f0388f1f7be85e5eff49f9e6db0d93432c9a89fce0916f8a89db4e8290415f7ea02de6b00d3573826378dcb655b7b2d20530a6e8d6dd6fd0
  languageName: node
  linkType: hard

"@types/node@npm:^14.14.43":
  version: 14.14.43
  resolution: "@types/node@npm:14.14.43"
  checksum: b7a9e6df7c2a6f90e783bfe6ef358cc2c3ff4e1dfcea56b83349cd3feefd02a9b6fa54b443983694b4398a06257d871c947abeae03bd0d39fd71981161d61765
  languageName: node
  linkType: hard

"@types/ua-parser-js@npm:^0.7.35":
  version: 0.7.35
  resolution: "@types/ua-parser-js@npm:0.7.35"
  checksum: 688dbdc6cfe746bd2e2a366497d0d4e1b0ff5959a6e3507d7eb65fe7c5d45dcc2a22682be7616419e2b933b08f4b7ae1a1889b8afa050434b70ca0852d9ea426
  languageName: node
  linkType: hard

"@types/zen-observable@npm:^0.8.2":
  version: 0.8.2
  resolution: "@types/zen-observable@npm:0.8.2"
  checksum: f48643c09a5fb00503d5b5c156779870bc5c96c4cc7f3d0f643619752a04eed784de6a37c9121e284d2cdd8ec70e3e00a73613797f009f37dbe6795ffb9607c5
  languageName: node
  linkType: hard

"ansi-regex@npm:^2.0.0":
  version: 2.1.1
  resolution: "ansi-regex@npm:2.1.1"
  checksum: 93a53c923fd433f67cd3d5647dffa6790f37bbfb924cf73ad23e28a8e414bde142d1da260d9a2be52ac4aa382063196880b1d40cf8b547642c746ed538ebf6c4
  languageName: node
  linkType: hard

"ansi-regex@npm:^5.0.0":
  version: 5.0.0
  resolution: "ansi-regex@npm:5.0.0"
  checksum: cbd9b5c9dbbb4a949c2a6e93f1c6cc19f0683d8a4724d08d2158627be6d373f0f3ba1f4ada01dce7ee141f2ba2628fbbd29932c7d49926e3b630c7f329f3178b
  languageName: node
  linkType: hard

"ansi-styles@npm:^2.2.1":
  version: 2.2.1
  resolution: "ansi-styles@npm:2.2.1"
  checksum: 108c7496372982f1ee53f3f09975de89cc771d2f7c89a32d56ab7a542f67b7de97391c9c16b43b39eb7ea176d3cfbb15975b6b355ae827f15f5a457b1b9dec31
  languageName: node
  linkType: hard

"ansi-styles@npm:^4.0.0, ansi-styles@npm:^4.1.0":
  version: 4.3.0
  resolution: "ansi-styles@npm:4.3.0"
  dependencies:
    color-convert: ^2.0.1
  checksum: ea02c0179f3dd089a161f5fdd7ccd89dd84f31d82b68869f1134bf5c5b9e1313dadd2ff9edb02b44f46243f285ef5b785f6cb61c84a293694221417c42934407
  languageName: node
  linkType: hard

"any-promise@npm:^1.0.0":
  version: 1.3.0
  resolution: "any-promise@npm:1.3.0"
  checksum: e829425e4aef532fb9063c638de4693feaf285dae8ba84bcabd9c6d49446264650d1e16b73af8a25ae1e4480f9a4dc7cae364b4c4d4753b57dd1900cdfab8183
  languageName: node
  linkType: hard

"app-root-path@npm:^3.0.0":
  version: 3.0.0
  resolution: "app-root-path@npm:3.0.0"
  checksum: c4799a164ff9d3887654bcdaf32d1c84fddb326ba42ada30fbd26d8339a83f36dd490760a09c22fee86528a754f9f4997628cc962b8b33b4e2e7329c6333c74f
  languageName: node
  linkType: hard

"argparse@npm:^2.0.1":
  version: 2.0.1
  resolution: "argparse@npm:2.0.1"
  checksum: 160b7a25d2a7097fd5fdf25eb8a99e037340078f70e6c7cfdef305837ed14d54570b2b13261bcae26c8cd44ad6e9a7136a0110d815ac65a7891c69c7bf2f4afd
  languageName: node
  linkType: hard

"axios@npm:0.21.1":
  version: 0.21.1
  resolution: "axios@npm:0.21.1"
  dependencies:
    follow-redirects: ^1.10.0
  checksum: 864fb7b5d077d236737f10adca53bf451a93f35a15271f56fba8da07265a02d26b7d881b935a6697dc6adb0549ea3e56d2eecb403edaa3bb78f6479901c10f69
  languageName: node
  linkType: hard

"balanced-match@npm:^1.0.0":
  version: 1.0.2
  resolution: "balanced-match@npm:1.0.2"
  checksum: 690643f3009a04289ac401079de5a780aae452f7625fb2884051cc847b231e6521ee15dd6430b066d3cf4bd8bb00bb7ff55b7d134f34b8f0b8c043806796f94e
  languageName: node
  linkType: hard

"base64-js@npm:^1.3.1":
  version: 1.5.1
  resolution: "base64-js@npm:1.5.1"
  checksum: c1b41a26ddc6620eb7f1ee6c29c812f5942a4e328e74263f995872cfb8ca3aee08542beb25cd10fd7ef16e4f16603e25c35a26e776c01fd55277e5035e829e0e
  languageName: node
  linkType: hard

"bluebird@npm:^3.7.2":
  version: 3.7.2
  resolution: "bluebird@npm:3.7.2"
  checksum: 4f2288662f3d4eadbb82d4daa4a7d7976a28fa3c7eb4102c9b4033b03e5be4574ba123ac52a7c103cde4cb7b2d2afc1dbe41817ca15a29ff21ecd258d0286047
  languageName: node
  linkType: hard

"brace-expansion@npm:^1.1.7":
  version: 1.1.11
  resolution: "brace-expansion@npm:1.1.11"
  dependencies:
    balanced-match: ^1.0.0
    concat-map: 0.0.1
  checksum: 4c878e25e4858baf801945dfd63eb68feab2e502cf1122f25f3915c0e3bf397af3a93ff6bef0798db41c0d81ef28c08e55daac38058710f749a3b96eee6b8f40
  languageName: node
  linkType: hard

"buffer@npm:^6.0.3":
  version: 6.0.3
  resolution: "buffer@npm:6.0.3"
  dependencies:
    base64-js: ^1.3.1
    ieee754: ^1.2.1
  checksum: a8cf6a58571dc7c43b24ab821ad4c72222d9040775f49fd143a30fad45f33ec0a8e0d572ca80d589ad4f8b4715aa012c029dc2b925dc95467f135c2d13d7abfb
  languageName: node
  linkType: hard

"chalk@npm:^1.1.1":
  version: 1.1.3
  resolution: "chalk@npm:1.1.3"
  dependencies:
    ansi-styles: ^2.2.1
    escape-string-regexp: ^1.0.2
    has-ansi: ^2.0.0
    strip-ansi: ^3.0.0
    supports-color: ^2.0.0
  checksum: bc2df54f6da63d0918254aa2d79dd87f75442e35c751b07f5ca37e5886dd0963472e37ee8c5fa6da27710fdfa0e10779c72be4a6c860c67e96769ba63ee2901e
  languageName: node
  linkType: hard

"chalk@npm:^4.0.0, chalk@npm:^4.1.0":
  version: 4.1.1
  resolution: "chalk@npm:4.1.1"
  dependencies:
    ansi-styles: ^4.1.0
    supports-color: ^7.1.0
  checksum: 445c12db7aeed0046500a1e4184d31209a77d165654c885a789c41c8598a6a95bd2392180987cac572c967b93a2a730dda778bb7f87fa06ca63fd8592f8cc59f
  languageName: node
  linkType: hard

"class-transformer@npm:^0.4.0":
  version: 0.4.0
  resolution: "class-transformer@npm:0.4.0"
  checksum: 915db337796f6a4d0c2c09bf1c0214eff01e1247836524fdaa170f0c3457f4b5f9ece1068cdb2667e42e01572aa1b08b9995c298f2956d1c8a84884c8d5ea5ff
  languageName: node
  linkType: hard

"cli-highlight@npm:^2.1.10":
  version: 2.1.11
  resolution: "cli-highlight@npm:2.1.11"
  dependencies:
    chalk: ^4.0.0
    highlight.js: ^10.7.1
    mz: ^2.4.0
    parse5: ^5.1.1
    parse5-htmlparser2-tree-adapter: ^6.0.0
    yargs: ^16.0.0
  bin:
    highlight: bin/highlight
  checksum: 6d7ceeb10d4f364942b34d47fd211de00fc97149b2fdc2869c087531838a7a6a231c1f6ea573ed725f51dbb479bd9d09c9fcedd5891812d123af465111615d36
  languageName: node
  linkType: hard

"cliui@npm:^7.0.2":
  version: 7.0.4
  resolution: "cliui@npm:7.0.4"
  dependencies:
    string-width: ^4.2.0
    strip-ansi: ^6.0.0
    wrap-ansi: ^7.0.0
  checksum: c49ac1d13f6dda4beaa11b26f62867e0e9892eb985951187d7c691793e0fe08b9bc15cedfaf4dc6d2e9a4d1516704c0c9dcb671ebcd758dbabb18b5d757fbdb5
  languageName: node
  linkType: hard

"color-convert@npm:^2.0.1":
  version: 2.0.1
  resolution: "color-convert@npm:2.0.1"
  dependencies:
    color-name: ~1.1.4
  checksum: 3d5d8a011a43012ca11b6d739049ecf2055d95582fd16ec44bf1e685eb0baa5cc652002be8a1dc92b429c8d87418287d0528266a7595cb1ad8a7f4f1d3049df2
  languageName: node
  linkType: hard

"color-name@npm:~1.1.4":
  version: 1.1.4
  resolution: "color-name@npm:1.1.4"
  checksum: 3e1c9a4dee12eada307436f61614dd11fe300469db2b83f80c8b7a7cd8a1015f0f18dd13403f018927b249003777ff60baba4a03c65f12e6bddc0dfd9642021f
  languageName: node
  linkType: hard

"concat-map@npm:0.0.1":
  version: 0.0.1
  resolution: "concat-map@npm:0.0.1"
  checksum: 554e28d9ee5aa6e061795473ee092cb3d3a2cbdb76c35416e0bb6e03f136d7d07676da387b2ed0ec4106cedbb6534080d9abc48ecc4a92b76406cf2d0c3c0c4b
  languageName: node
  linkType: hard

"date-fns@npm:^2.21.1":
  version: 2.21.1
  resolution: "date-fns@npm:2.21.1"
  checksum: 00a2ddea1047c4ce6eaadda76a0ee0782d1cfe65061641bbff94f7a70d2d6ab12dac89e027b39d49710bdb2cf264bc1a4e096b0324c7de79699296a4c19f4a40
  languageName: node
  linkType: hard

"debug@npm:^4.3.1":
  version: 4.3.2
  resolution: "debug@npm:4.3.2"
  dependencies:
    ms: 2.1.2
  peerDependenciesMeta:
    supports-color:
      optional: true
  checksum: 5543570879e2274f6725d4285a034d6e0822d35faefc6f55965933fb440e8c21eb3a0bef934e66f4b6b491f898ee2de37cab980e9d4fd61372136c19d3ce4527
  languageName: node
  linkType: hard

"dotenv@npm:^8.2.0":
  version: 8.2.0
  resolution: "dotenv@npm:8.2.0"
  checksum: 16cb89cbd7b98b053899b8aba8c5044c8fb61a2db8a81fe70360b75035fce5fed53bd7a34d772be717d0880c0321122a4c09423f518025e1b52d96791521b1a7
  languageName: node
  linkType: hard

"emoji-regex@npm:^8.0.0":
  version: 8.0.0
  resolution: "emoji-regex@npm:8.0.0"
  checksum: 87cf3f89efb8ba028075b3dc1713e2c5609af94cbc129b1f00c3113d01dbe4bf85c9d971e75a98bf8a8508131727682ce929e4bd70e9022af4fd47d75e9507de
  languageName: node
  linkType: hard

"escalade@npm:^3.1.1":
  version: 3.1.1
  resolution: "escalade@npm:3.1.1"
  checksum: 1e31ff50d66f47cd0dfffa702061127116ccf9886d1f54a802a7b3bc95b94cab0cbf5b145cc5ac199036df6fd9d1bb24af1fa1bfed87c94879e950fbee5f86d1
  languageName: node
  linkType: hard

"escape-string-regexp@npm:^1.0.2":
  version: 1.0.5
  resolution: "escape-string-regexp@npm:1.0.5"
  checksum: f9484b8b4c8827d816e0fd905c25ed4b561376a9c220e1430403ea84619bf680c76a883a48cff8b8e091daf55d6a497e37479f9787b9f15f3c421b6054289744
  languageName: node
  linkType: hard

"figlet@npm:^1.1.1":
  version: 1.5.0
  resolution: "figlet@npm:1.5.0"
  checksum: 49839d8179dc0a7b6f105f13348e233df79cc2959088316560c1a85af0e99466b3e85d417de2a1f87d4dd4f42c7a734b01b8290aaf1c04c80f6fcffdf7c86bde
  languageName: node
  linkType: hard

"follow-redirects@npm:^1.10.0":
  version: 1.14.0
  resolution: "follow-redirects@npm:1.14.0"
  peerDependenciesMeta:
    debug:
      optional: true
  checksum: 70c86697f20d0220a26e3af54e9e2cbf3cc380086d945cc8d67a57c03c09ee222f727b31be1a82adafb897943e103f6b707fb91baaaffe218d758b260a4ac1a5
  languageName: node
  linkType: hard

"fs.realpath@npm:^1.0.0":
  version: 1.0.0
  resolution: "fs.realpath@npm:1.0.0"
  checksum: 698a91b1695e3926185c9e5b0dd57cf687dceb4eb73799af91e6b2ab741735e2962c366c5af6403ffddae2619914193bd339efa706fdc984d0ffc74b7a3603f4
  languageName: node
  linkType: hard

"get-caller-file@npm:^2.0.5":
  version: 2.0.5
  resolution: "get-caller-file@npm:2.0.5"
  checksum: 9dd9e1e2591039ee4c38c897365b904f66f1e650a8c1cb7b7db8ce667fa63e88cc8b13282b74df9d93de481114b3304a0487880d31cd926dfda6efe71455855d
  languageName: node
  linkType: hard

"glob@npm:^7.1.6":
  version: 7.1.6
  resolution: "glob@npm:7.1.6"
  dependencies:
    fs.realpath: ^1.0.0
    inflight: ^1.0.4
    inherits: 2
    minimatch: ^3.0.4
    once: ^1.3.0
    path-is-absolute: ^1.0.0
  checksum: 789977b52432865bd63846da5c75a6efc2c56abdc0cb5ffcdb8e91eeb67a58fa5594c1195d18b2b4aff99675b0739ed6bd61024b26562e0cca18c8f993efdc82
  languageName: node
  linkType: hard

"has-ansi@npm:^2.0.0":
  version: 2.0.0
  resolution: "has-ansi@npm:2.0.0"
  dependencies:
    ansi-regex: ^2.0.0
  checksum: c6805f5d01ced45ba247ff2b8c914f401e70aa9086552d8eafbdf6bc0b0e38ea4a3bf1a387d100ff5f07e5854bca96532a01777820a16be2cdf8cf6582091bad
  languageName: node
  linkType: hard

"has-flag@npm:^4.0.0":
  version: 4.0.0
  resolution: "has-flag@npm:4.0.0"
  checksum: 2e5391139d3d287231ccb58659702392f6e3abeac3296fb4721afaff46493f3d9b99a9329ae015dfe973aa206ed5c75f43e86aec0267dce79aa5c2b6e811b3ad
  languageName: node
  linkType: hard

"highlight.js@npm:^10.7.1":
  version: 10.7.2
  resolution: "highlight.js@npm:10.7.2"
  checksum: 8208e010011298abc7be9d7f69946a408d9a9b62f88000e76672aa53cee91399d188bc6a8c33cf41323e137e0e03ff8f16ac934bdc53673747658808ea62a7ac
  languageName: node
  linkType: hard

"ieee754@npm:^1.2.1":
  version: 1.2.1
  resolution: "ieee754@npm:1.2.1"
  checksum: 6c1cfab995ecab3b0dbb6cfb7e192686eb02f0f8e788f2d962e1fc02e2d5ab38a85e06d417221f136bd029663a77cdb920d99605d68d3730a05597dd7910426a
  languageName: node
  linkType: hard

"inflight@npm:^1.0.4":
  version: 1.0.6
  resolution: "inflight@npm:1.0.6"
  dependencies:
    once: ^1.3.0
    wrappy: 1
  checksum: 17c53fc42cbe7f7f471d2bc41b97a0cde4b79a74d5ff59997d3f75210566fa278e17596da526d43de2bd07e222706240ce50e60097e54f2cde2e64cbbb372638
  languageName: node
  linkType: hard

"inherits@npm:2, inherits@npm:^2.0.1":
  version: 2.0.4
  resolution: "inherits@npm:2.0.4"
  checksum: 98426da247ddfc3dcd7d7daedd90c3ca32d5b08deca08949726f12d49232aef94772a07b36cf4ff833e105ae2ef931777f6de4a6dd8245a216b9299ad4a50bea
  languageName: node
  linkType: hard

"is-fullwidth-code-point@npm:^3.0.0":
  version: 3.0.0
  resolution: "is-fullwidth-code-point@npm:3.0.0"
  checksum: a01a19ecac34386ae3a4e801c5639d6e31082d1ddc418e7cd96317fef3c8b24ec8531558e9d3d35b33551ab9c5cf20bf2cdefa583927b7ff60c27c8d7c216063
  languageName: node
  linkType: hard

"ismobilejs@npm:^1.1.1":
  version: 1.1.1
  resolution: "ismobilejs@npm:1.1.1"
  checksum: 9e189015021026d407536d2ce37479dcfcc0f7326a7f594a059784726313640c713e23e59c1e534280f6113610b8df2694b1d042236d4f96c0234793849df21c
  languageName: node
  linkType: hard

"iterare@npm:1.2.1":
  version: 1.2.1
  resolution: "iterare@npm:1.2.1"
  checksum: b1a896c566581b153a68067bb5939e1b7242ab596fa4d3f907a7a0dd2aa234e71958377278155f4d224bf33431b6ce0a3288e666ef9e1dbc138955b498db8256
  languageName: node
  linkType: hard

"js-yaml@npm:^4.0.0":
  version: 4.1.0
  resolution: "js-yaml@npm:4.1.0"
  dependencies:
    argparse: ^2.0.1
  bin:
    js-yaml: bin/js-yaml.js
  checksum: 8973cf4296c944cc2551d1e3d3d064e7de0d0a6db3f7bafe40339ee9e5e0329560b52c4b8492b9b22365404c9be0822b62340ab49884e1dedfcc7ff80158abe0
  languageName: node
  linkType: hard

"json5@npm:^2.2.0":
  version: 2.2.0
  resolution: "json5@npm:2.2.0"
  dependencies:
    minimist: ^1.2.5
  bin:
    json5: lib/cli.js
  checksum: 07b1f90c2801dc52df2b0ac8d606cc400a85cda79130e754780fa2ab9805d0fb85a0e61b6a5cdd68e88e5d0c8f9109ec415af08283175556cdccaa8563853908
  languageName: node
  linkType: hard

"lodash@npm:^4.17.21":
  version: 4.17.21
  resolution: "lodash@npm:4.17.21"
  checksum: 4983720b9abca930a4a46f18db163d7dad8dd00dbed6db0cc7b499b33b717cce69f80928b27bbb1ff2cbd3b19d251ee90669a8b5ea466072ca81c2ebe91e7468
  languageName: node
  linkType: hard

"minimatch@npm:^3.0.4":
  version: 3.0.4
  resolution: "minimatch@npm:3.0.4"
  dependencies:
    brace-expansion: ^1.1.7
  checksum: 47eab9263962cacd5733e274ecad2d8e54b0f8e124ba35ae69189e296058f634a4967b87a98954f86fa5c830ff177caf827ce0136d28717ed3232951fb4fae62
  languageName: node
  linkType: hard

"minimist@npm:^1.2.5":
  version: 1.2.5
  resolution: "minimist@npm:1.2.5"
  checksum: b77b8590147a4e217ff34266236bc39de23b52e6e33054076991ff674c7397a1380a7bde11111916f16f003a94aaa7e4f3d92595a32189644ff607fabc65a5b6
  languageName: node
  linkType: hard

"mkdirp@npm:^1.0.4":
  version: 1.0.4
  resolution: "mkdirp@npm:1.0.4"
  bin:
    mkdirp: bin/cmd.js
  checksum: 1aa3a6a2d7514f094a91329ec09994f5d32d2955a4985ecbb3d86f2aaeafc4aa11521f98d606144c1d49cd9835004d9a73342709b8c692c92e59eacf37412468
  languageName: node
  linkType: hard

"ms@npm:2.1.2":
  version: 2.1.2
  resolution: "ms@npm:2.1.2"
  checksum: 9b65fb709bc30c0c07289dcbdb61ca032acbb9ea5698b55fa62e2cebb04c5953f1876a1f3f7f4bc2e91d4bf4d86003f3e207c3bc6ee2f716f99827e62389cd0e
  languageName: node
  linkType: hard

"mz@npm:^2.4.0":
  version: 2.7.0
  resolution: "mz@npm:2.7.0"
  dependencies:
    any-promise: ^1.0.0
    object-assign: ^4.0.1
    thenify-all: ^1.0.0
  checksum: 063966dd8e05dfe952038e88d14fb0a3816d9fa391b5afc75d19e2247b7471fd98ca85ffca45d950b9aab4f8f7536aecf63509af031e1785549468b6400eeda5
  languageName: node
  linkType: hard

"object-assign@npm:^4.0.1":
  version: 4.1.1
  resolution: "object-assign@npm:4.1.1"
  checksum: 66cf021898fc1b13ea573ea8635fbd5a76533f50cecbc2fcd5eee1e8029af41bcebe7023788b6d0e06cbe4401ecea075d972f78ec74467cdc571a0f1a4d1a081
  languageName: node
  linkType: hard

"once@npm:^1.3.0":
  version: 1.4.0
  resolution: "once@npm:1.4.0"
  dependencies:
    wrappy: 1
  checksum: 57afc246536cf6494437f982b26475f22bee860f8b77ce8eb1543f42a8bffe04b2c66ddfea9a16cb25ccb80943f8ee4fc639367ef97b7a6a4f2672eb573963f5
  languageName: node
  linkType: hard

"parent-require@npm:^1.0.0":
  version: 1.0.0
  resolution: "parent-require@npm:1.0.0"
  checksum: 69e60fb6bf40080777a71552bbc558302b24882cbe8cf31ac64eef78f6555084c68689d2516d2a6a587e2b7a6aa3e4d397cd1cd1931683f11e3868a6bdcc6431
  languageName: node
  linkType: hard

"parse5-htmlparser2-tree-adapter@npm:^6.0.0":
  version: 6.0.1
  resolution: "parse5-htmlparser2-tree-adapter@npm:6.0.1"
  dependencies:
    parse5: ^6.0.1
  checksum: d7389a60fd1930cbbde40456a5f990468d13f4b7a5550db01adde4d61e97245e90c32de2575b531408fe7a2781111f96b1c955ff23bf2f61218db712434be3e0
  languageName: node
  linkType: hard

"parse5@npm:^5.1.1":
  version: 5.1.1
  resolution: "parse5@npm:5.1.1"
  checksum: fad72ff5010ee8a6f0a38b83fc886b71a54d746d5c4ff5aad74d6ba1fe87b9606585bf32aa200b015ce329e0906f50f2851f29876abeacd5c13567c7a0455362
  languageName: node
  linkType: hard

"parse5@npm:^6.0.1":
  version: 6.0.1
  resolution: "parse5@npm:6.0.1"
  checksum: e312014edd76a6dc2eac35248ad53477b2594a7b92b7a00f66169483bb87c3d1d36660daddeb720457418dfe0893eb3ad1043085047fc3699167afa6834cb4c4
  languageName: node
  linkType: hard

"path-is-absolute@npm:^1.0.0":
  version: 1.0.1
  resolution: "path-is-absolute@npm:1.0.1"
  checksum: 907e1e3e6ac0aef6e65adffd75b3892191d76a5b94c5cf26b43667c4240531d11872ca6979c209b2e5e1609f7f579d02f64ba9936b48bb59d36cc529f0d965ed
  languageName: node
  linkType: hard

"prettier@npm:^2.2.1":
  version: 2.2.1
  resolution: "prettier@npm:2.2.1"
  bin:
    prettier: bin-prettier.js
  checksum: 92c6c9f4b87eba1f28466edee57dd18c80d00b858edda77d46d1950d20e6e302b68ee255fc91133ba931e63c4577b5ae30da194d9626a8f3c0177778b91bf056
  languageName: node
  linkType: hard

"reflect-metadata@npm:^0.1.13":
  version: 0.1.13
  resolution: "reflect-metadata@npm:0.1.13"
  checksum: 629101e6c8b7e0d3166fa51953f908f45b5c73dbaf1375c4f8c3ed62221b870c951343b9b031d0c49957e7262a88020f41be25731ee85b5d779f12c7cec66005
  languageName: node
  linkType: hard

"require-directory@npm:^2.1.1":
  version: 2.1.1
  resolution: "require-directory@npm:2.1.1"
  checksum: f495d02d89c385af2df4b26f0216ece091e99710d358d0ede424126c476d0c639e8bd77dcd237c00a6a5658f3d862e7513164f8c280263052667d06df830eb23
  languageName: node
  linkType: hard

"safe-buffer@npm:^5.0.1":
  version: 5.2.1
  resolution: "safe-buffer@npm:5.2.1"
  checksum: 0bb57f0d8f9d1fa4fe35ad8a2db1f83a027d48f2822d59ede88fd5cd4ddad83c0b497213feb7a70fbf90597a70c5217f735b0eb1850df40ce9b4ae81dd22b3f9
  languageName: node
  linkType: hard

"sax@npm:>=0.6.0":
  version: 1.2.4
  resolution: "sax@npm:1.2.4"
  checksum: 9d7668d69105e89e2c1a4b2fdc12c72e1a2f78b825f7b4a8a2ea5cdfebf70920bd17715bed55264c3b3959616a0695f8ad2d098bf6944fbd0953ee9c695dceef
  languageName: node
  linkType: hard

"sha.js@npm:^2.4.11":
  version: 2.4.11
  resolution: "sha.js@npm:2.4.11"
  dependencies:
    inherits: ^2.0.1
    safe-buffer: ^5.0.1
  bin:
    sha.js: ./bin.js
  checksum: 7554240ab76e683f7115123eb4815aae16b5fc6f2cdff97009831ad5b17b107ffcef022526211f7306957bce7a67fa4d0ccad79a3040c5073414365595e90516
  languageName: node
  linkType: hard

"string-width@npm:^4.1.0, string-width@npm:^4.2.0":
  version: 4.2.2
  resolution: "string-width@npm:4.2.2"
  dependencies:
    emoji-regex: ^8.0.0
    is-fullwidth-code-point: ^3.0.0
    strip-ansi: ^6.0.0
  checksum: d42484f5fdc50b4a573be784a06bc971e124d3fdc08779848a58d632bc88b349a33af54d1f0e1904dbd5dcbbe50651e4b39938799ebb1011a730421af1381892
  languageName: node
  linkType: hard

"strip-ansi@npm:^3.0.0":
  version: 3.0.1
  resolution: "strip-ansi@npm:3.0.1"
  dependencies:
    ansi-regex: ^2.0.0
  checksum: 98772dcf440d08f65790ee38cd186b1f139fa69b430e75f9d9c11f97058662f82a22c2ba03a30f502f948958264e99051524fbf1819edaa8a8bbb909ece297da
  languageName: node
  linkType: hard

"strip-ansi@npm:^6.0.0":
  version: 6.0.0
  resolution: "strip-ansi@npm:6.0.0"
  dependencies:
    ansi-regex: ^5.0.0
  checksum: 10568c91cadbef182a807c38dfa718dce15a35b12fcc97b96b6b2029d0508ef66ca93fabddeb49482d9b027495d1e18591858e80f27ad26861c4967c60fd207f
  languageName: node
  linkType: hard

"supports-color@npm:^2.0.0":
  version: 2.0.0
  resolution: "supports-color@npm:2.0.0"
  checksum: 5d6fb449e29f779cc639756f0d6b9ab6138048e753683cd2c647f36a9254714051909a5f569e6aa83c5310c8dfe8a1f481967e02bef401ac8eed46ee0950d779
  languageName: node
  linkType: hard

"supports-color@npm:^7.1.0":
  version: 7.2.0
  resolution: "supports-color@npm:7.2.0"
  dependencies:
    has-flag: ^4.0.0
  checksum: 8e57067c39216f3c2ffce7cc14ca934d54746192571203aa9c9922d97d2d55cc1bdaa9e41a11f91e620670b5a74ebdec6b548a885d8cc2dea7cab59e21416029
  languageName: node
  linkType: hard

"thenify-all@npm:^1.0.0":
  version: 1.6.0
  resolution: "thenify-all@npm:1.6.0"
  dependencies:
    thenify: ">= 3.1.0 < 4"
  checksum: 22775c13a183d349b58e0236ba9b28dd75ec5f000c55bc893958a04585b712d32d1878022bee4eb89a7c5a85485cf837732dbeed2d6ed860eff217d54a63e581
  languageName: node
  linkType: hard

"thenify@npm:>= 3.1.0 < 4":
  version: 3.3.1
  resolution: "thenify@npm:3.3.1"
  dependencies:
    any-promise: ^1.0.0
  checksum: c3cbda4f5f0ee82d6a282b3a2ed3f890fad65b5c855d61f8f1946c6daf7e0d7a1e84377ded30b16ae2bedd13f02ba35266af3ca018272b08629c85753b1cd682
  languageName: node
  linkType: hard

"tslib@npm:2.1.0":
  version: 2.1.0
  resolution: "tslib@npm:2.1.0"
  checksum: d8f5bdd067611651c6b846c2388f4dc8ba1f5af124e66105f5263d1ad56da17f4b8c6566887ca2f205c5a9758451871ceca87d5d06087af2dca1699c5e33db69
  languageName: node
  linkType: hard

"tslib@npm:^2.1.0":
  version: 2.2.0
  resolution: "tslib@npm:2.2.0"
  checksum: 2d35468c470410871c5246e43f12dcb6d0fc363b617c176f26443b9530e5c5ee8448966892a42956168d8f495da7865bda33dfe82c26c91991e28999974a618f
  languageName: node
  linkType: hard

"typeorm@npm:^0.2.32":
  version: 0.2.32
  resolution: "typeorm@npm:0.2.32"
  dependencies:
    "@sqltools/formatter": ^1.2.2
    app-root-path: ^3.0.0
    buffer: ^6.0.3
    chalk: ^4.1.0
    cli-highlight: ^2.1.10
    debug: ^4.3.1
    dotenv: ^8.2.0
    glob: ^7.1.6
    js-yaml: ^4.0.0
    mkdirp: ^1.0.4
    reflect-metadata: ^0.1.13
    sha.js: ^2.4.11
    tslib: ^2.1.0
    xml2js: ^0.4.23
    yargonaut: ^1.1.4
    yargs: ^16.2.0
    zen-observable-ts: ^1.0.0
  bin:
    typeorm: cli.js
  checksum: f2f40db8d55b8bebaef6d2b8d39667303399086096c79ec625bf35932bdde3312c6f330331d1452eda2bcb578fd97edc9e0a080f437c1fed7952b86a60a9fc0f
  languageName: node
  linkType: hard

typescript@^4.2.4:
  version: 4.2.4
  resolution: "typescript@npm:4.2.4"
  bin:
    tsc: bin/tsc
    tsserver: bin/tsserver
  checksum: edaede2fa77f56b7fba80ee624a2368ab1216e75b0434d968ccb47ab0a5e2f6d94f848b3b111c1237dd71e988cd376af26370dcdad3b94355c76e759f0dd0a1e
  languageName: node
  linkType: hard

"typescript@patch:typescript@^4.2.4#builtin<compat/typescript>":
  version: 4.2.4
  resolution: "typescript@patch:typescript@npm%3A4.2.4#builtin<compat/typescript>::version=4.2.4&hash=a45b0e"
  bin:
    tsc: bin/tsc
    tsserver: bin/tsserver
  checksum: 3be44317593182e8ce494c114e7ad9b0bb2553a22f3085cc6da4f0a36912c20850daa9be4c898af2ab6fc8b12f430c1c9e46ac715721867cd38643f2350d3ef9
  languageName: node
  linkType: hard

"ua-parser-js@npm:^0.7.28":
  version: 0.7.28
  resolution: "ua-parser-js@npm:0.7.28"
  checksum: bf65a24eb48d8ec31f6396494bff16b92228e88d7ea15d0bdaa71505313979d2fd176d832418d849a8fa6e119e8dea482f52a2acffe51a3f1810087d295a9adf
  languageName: node
  linkType: hard

"uuid@npm:8.3.2":
  version: 8.3.2
  resolution: "uuid@npm:8.3.2"
  bin:
    uuid: dist/bin/uuid
  checksum: aed2bcef341f95635f308fea8831fb9038b18c485fe7e71feb89d2e05602dfecad0cb6f2246fae096d4da425cca6e8a71056f28abd97ad98cf770a2018853248
  languageName: node
  linkType: hard

"wrap-ansi@npm:^7.0.0":
  version: 7.0.0
  resolution: "wrap-ansi@npm:7.0.0"
  dependencies:
    ansi-styles: ^4.0.0
    string-width: ^4.1.0
    strip-ansi: ^6.0.0
  checksum: 09939dd775ae565bb99a25a6c072fe3775a95fa71751b5533c94265fe986ba3e3ab071a027ab76cf26876bd9afd10ac3c2d06d7c4bcce148bf7d2d9514e3a0df
  languageName: node
  linkType: hard

"wrappy@npm:1":
  version: 1.0.2
  resolution: "wrappy@npm:1.0.2"
  checksum: 519fcda0fcdf0c16327be2de9d98646742307bc830277e8868529fcf7566f2b330a6453c233e0cdcb767d5838dd61a90984a02ecc983bcddebea5ad0833bbf98
  languageName: node
  linkType: hard

"xml2js@npm:^0.4.23":
  version: 0.4.23
  resolution: "xml2js@npm:0.4.23"
  dependencies:
    sax: ">=0.6.0"
    xmlbuilder: ~11.0.0
  checksum: 5e6e53955714a9d094c9f39ac7509706d136a3dae76684059019ca949e131775f69715715879df86b1a49519ffea3805ff2e930596e229c5f6228ce027e8a80e
  languageName: node
  linkType: hard

"xmlbuilder@npm:~11.0.0":
  version: 11.0.1
  resolution: "xmlbuilder@npm:11.0.1"
  checksum: 8f479b28b5897d903dc514c45c54c869b2f798c0eb44b11e35f7d6e3e631fb9d7aaaec6b9db6b92b715b4ded00d9d8ed8c08e9fd7e2a5f220b14b7b54403fa10
  languageName: node
  linkType: hard

"y18n@npm:^5.0.5":
  version: 5.0.8
  resolution: "y18n@npm:5.0.8"
  checksum: 56275bfa72a8a585c4d2905b086862fb881dfe7871adcefe4ecf4c1a6a78c6389b459b427c0a8672ccdb09731a78143acc71f0bcc8dc8d8427869fafe7f18b95
  languageName: node
  linkType: hard

"yargonaut@npm:^1.1.4":
  version: 1.1.4
  resolution: "yargonaut@npm:1.1.4"
  dependencies:
    chalk: ^1.1.1
    figlet: ^1.1.1
    parent-require: ^1.0.0
  checksum: 75cc5ae1f312c6c159adc6f31cb7dc8be8e9cdb47b99c34d3109a1b1b21e40813eb8fffdacb429af11baf2bb7fc31d2ee2e3c7b0876a12c69e39fb4c23ad8ea3
  languageName: node
  linkType: hard

"yargs-parser@npm:^20.2.2":
  version: 20.2.7
  resolution: "yargs-parser@npm:20.2.7"
  checksum: 124e7f1c24c9609d5d1c343f14b83289634e19bb43770708ebb6a19852647aaa0f89edcbf0e5b18a21bee77f54513ab5051518b2950cda69eb607a7c6251aa4f
  languageName: node
  linkType: hard

"yargs@npm:^16.0.0, yargs@npm:^16.2.0":
  version: 16.2.0
  resolution: "yargs@npm:16.2.0"
  dependencies:
    cliui: ^7.0.2
    escalade: ^3.1.1
    get-caller-file: ^2.0.5
    require-directory: ^2.1.1
    string-width: ^4.2.0
    y18n: ^5.0.5
    yargs-parser: ^20.2.2
  checksum: a79ce1f043021cd645de1ffebb6149541d382ba68f4a6b5eca5d2ad65af51893371bbd78e240dc3b6cf0cbb419511ba5bda715dec992e4266e6863ea49f14feb
  languageName: node
  linkType: hard

"zen-observable-ts@npm:^1.0.0":
  version: 1.0.0
  resolution: "zen-observable-ts@npm:1.0.0"
  dependencies:
    "@types/zen-observable": ^0.8.2
    zen-observable: ^0.8.15
  checksum: 285d473b5aefeabdeb434fedbcf4698f286d807bb1aece10a6e6372f30f996fb169fd8a8ee729b24a0ea0f723fde967dd2459f0396bdd377d3d101f846ccf45e
  languageName: node
  linkType: hard

"zen-observable@npm:^0.8.15":
  version: 0.8.15
  resolution: "zen-observable@npm:0.8.15"
  checksum: 7d155f8a75b9314f9f31e70a31edcd897b0e8a1313737502ab84a573e49d2c333b738e415c156334a6e910c363ce546b59fa7921eff61440285caa99c843df74
  languageName: node
  linkType: hard
